{
  "nodes": {
    "nixpkgs": {
      "locked": {
        "lastModified": 1670543317,
        "narHash": "sha256-4mMR56rtxKr+Gwz399jFr4i76SQZxsLWxxyfQlPXRm0=",
        "owner": "nixos",
        "repo": "nixpkgs",
        "rev": "7a6a010c3a1d00f8470a5ca888f2f927f1860a19",
        "type": "github"
      },
      "original": {
        "owner": "nixos",
        "ref": "nixos-22.11",
        "repo": "nixpkgs",
        "type": "github"
      }
    },
    "root": {
      "inputs": {
        "nixpkgs": "nixpkgs"
      }
    }
  },
  "root": "root",
  "version": 7
}
