{
  "nodes": {
    "nixpkgs": {
      "locked": {
        "lastModified": 1785002762,
        "narHash": "sha256-Y0BbgB3BLLHEUK88g4oSp3DerIx7rCX0iwICKJcY7/c=",
        "owner": "nixos",
        "repo": "nixpkgs",
        "rev": "f7a2e428f5d71c47a5a938a3c5ad7138bb291093",
        "type": "github"
      },
      "original": {
        "owner": "nixos",
        "ref": "nixos-26.05",
        "repo": "nixpkgs",
        "type": "github"
      }
    },
    "nixpkgs-unstable": {
      "locked": {
        "lastModified": 1778729098,
        "narHash": "sha256-17SbusskVZng4nwevRqsWNJf27nMG7UczvtgWTUJttg=",
        "owner": "nixos",
        "repo": "nixpkgs",
        "rev": "39ea44cddd5060b8cd413ed5e13c6af61f302283",
        "type": "github"
      },
      "original": {
        "owner": "nixos",
        "ref": "nixos-unstable-small",
        "repo": "nixpkgs",
        "type": "github"
      }
    },
    "root": {
      "inputs": {
        "nixpkgs": "nixpkgs",
        "nixpkgs-unstable": "nixpkgs-unstable"
      }
    }
  },
  "root": "root",
  "version": 7
}
